
Microsoft Visual Studio Solution File, Format Version 12.00
# Visual Studio Version 17
VisualStudioVersion = 17.13.35931.197
MinimumVisualStudioVersion = 10.0.40219.1
Project("{FAE04EC0-301F-11D3-BF4B-00C04F79EFBC}") = "CryptoQuote", "CryptoQuote\CryptoQuote.csproj", "{FB06BC24-F622-4B6D-A177-CDB957538C65}"
EndProject
Project("{FAE04EC0-301F-11D3-BF4B-00C04F79EFBC}") = "CryptoQuote.Tests", "CryptoQuote.Tests\CryptoQuote.Tests.csproj", "{233879A3-AE0F-48F9-A741-B0B0C39C34D9}"
EndProject
Global
	GlobalSection(SolutionConfigurationPlatforms) = preSolution
		Debug|Any CPU = Debug|Any CPU
		Release|Any CPU = Release|Any CPU
	EndGlobalSection
	GlobalSection(ProjectConfigurationPlatforms) = postSolution
		{FB06BC24-F622-4B6D-A177-CDB957538C65}.Debug|Any CPU.ActiveCfg = Debug|Any CPU
		{FB06BC24-F622-4B6D-A177-CDB957538C65}.Debug|Any CPU.Build.0 = Debug|Any CPU
		{FB06BC24-F622-4B6D-A177-CDB957538C65}.Release|Any CPU.ActiveCfg = Release|Any CPU
		{FB06BC24-F622-4B6D-A177-CDB957538C65}.Release|Any CPU.Build.0 = Release|Any CPU
		{233879A3-AE0F-48F9-A741-B0B0C39C34D9}.Debug|Any CPU.ActiveCfg = Debug|Any CPU
		{233879A3-AE0F-48F9-A741-B0B0C39C34D9}.Debug|Any CPU.Build.0 = Debug|Any CPU
		{233879A3-AE0F-48F9-A741-B0B0C39C34D9}.Release|Any CPU.ActiveCfg = Release|Any CPU
		{233879A3-AE0F-48F9-A741-B0B0C39C34D9}.Release|Any CPU.Build.0 = Release|Any CPU
	EndGlobalSection
	GlobalSection(SolutionProperties) = preSolution
		HideSolutionNode = FALSE
	EndGlobalSection
	GlobalSection(ExtensibilityGlobals) = postSolution
		SolutionGuid = {4779753A-02BE-4B0E-9772-9DB2673BA455}
	EndGlobalSection
EndGlobal
